
Microsoft Visual Studio Solution File, Format Version 12.00
# Visual Studio 14
VisualStudioVersion = 14.0.25420.1
MinimumVisualStudioVersion = 10.0.40219.1
Project("{FAE04EC0-301F-11D3-BF4B-00C04F79EFBC}") = "Clippy2.0", "Clippy2.0\Clippy2.0.csproj", "{3F4350FC-0F75-4E78-B72F-3AA18F2C6FD8}"
EndProject
Global
	GlobalSection(SolutionConfigurationPlatforms) = preSolution
		Debug|Any CPU = Debug|Any CPU
		Release|Any CPU = Release|Any CPU
	EndGlobalSection
	GlobalSection(ProjectConfigurationPlatforms) = postSolution
		{3F4350FC-0F75-4E78-B72F-3AA18F2C6FD8}.Debug|Any CPU.ActiveCfg = Debug|Any CPU
		{3F4350FC-0F75-4E78-B72F-3AA18F2C6FD8}.Debug|Any CPU.Build.0 = Debug|Any CPU
		{3F4350FC-0F75-4E78-B72F-3AA18F2C6FD8}.Release|Any CPU.ActiveCfg = Release|Any CPU
		{3F4350FC-0F75-4E78-B72F-3AA18F2C6FD8}.Release|Any CPU.Build.0 = Release|Any CPU
	EndGlobalSection
	GlobalSection(SolutionProperties) = preSolution
		HideSolutionNode = FALSE
	EndGlobalSection
EndGlobal
